PODS:
  - Introspect (0.1.3)
  - Kingfisher (7.1.2)
  - SwiftBloc (1.0.7)
  - SwiftUIRefresh (0.0.3):
    - Introspect (~> 0.1.0)

DEPENDENCIES:
  - Kingfisher (from `https://github.com/onevcat/Kingfisher.git`)
  - SwiftBloc (from `https://github.com/camapblue/SwiftBloc`)
  - SwiftUIRefresh (from `https://github.com/timbersoftware/SwiftUIRefresh.git`)

SPEC REPOS:
  trunk:
    - Introspect

EXTERNAL SOURCES:
  Kingfisher:
    :git: https://github.com/onevcat/Kingfisher.git
  SwiftBloc:
    :git: https://github.com/camapblue/SwiftBloc
  SwiftUIRefresh:
    :git: https://github.com/timbersoftware/SwiftUIRefresh.git

CHECKOUT OPTIONS:
  Kingfisher:
    :commit: 15dde451f97a8ae18ea4f94969b7c8546f034b37
    :git: https://github.com/onevcat/Kingfisher.git
  SwiftBloc:
    :commit: 49c91a2ee99a6d94c88ac4f58905d7ab4b690f51
    :git: https://github.com/camapblue/SwiftBloc
  SwiftUIRefresh:
    :commit: fa8fac7b5eb5c729983a8bef65f094b5e0d12014
    :git: https://github.com/timbersoftware/SwiftUIRefresh.git

SPEC CHECKSUMS:
  Introspect: 2be020f30f084ada52bb4387fff83fa52c5c400e
  Kingfisher: 44ed6a8504763f27bab46163adfac83f5deb240c
  SwiftBloc: 11c209f0ecb00e8b8da813323e24f9408476f498
  SwiftUIRefresh: ca6ae2718d25aad5dd68bbf5d2ae36ef6ade98bf

PODFILE CHECKSUM: 6810a590d8f2461395cbda738a17c0ccfc3782a1

COCOAPODS: 1.11.2
