{"projectHash":"d848617ce5a0178ae841d2d5c863e517bbe6176a","productModuleName":"RepositoryTests","mockedTypeNames":["\/Users\/camapblue\/Projects\/Boilerplate\/boilerplate-swiftui-bloc\/Repository\/RepositoryTests\/Dao\/ContactDaoTests.swift",[],"\/Users\/camapblue\/Projects\/Boilerplate\/boilerplate-swiftui-bloc\/Repository\/RepositoryTests\/RepositoryTests.swift",[],"\/Users\/camapblue\/Projects\/Boilerplate\/boilerplate-swiftui-bloc\/Repository\/RepositoryTests\/Api\/MockURLProtocol.swift",[],"\/Users\/camapblue\/Projects\/Boilerplate\/boilerplate-swiftui-bloc\/Repository\/RepositoryTests\/Api\/ContactApiTests.swift",[],"\/Users\/camapblue\/Projects\/Boilerplate\/boilerplate-swiftui-bloc\/Repository\/RepositoryTests\/Repository\/ContactRepositoryTests.swift",["ContactApi","ContactDao"]],"cliVersion":"0.18.1","configHash":"00088c3626ba53a165b107fa1a4b8295cb3d931b","sourceRoot":"\/Users\/camapblue\/Projects\/Boilerplate\/boilerplate-swiftui-bloc\/Repository","sourceFilePaths":[{"path":"\/Users\/camapblue\/Projects\/Boilerplate\/boilerplate-swiftui-bloc\/Repository\/MockingbirdMocks\/RepositoryTests-RepositoryMocks.generated.swift","hash":"3ba73f2484dfc85d3fe21a3c19f6802bcfd577a7"},{"path":"\/Users\/camapblue\/Projects\/Boilerplate\/boilerplate-swiftui-bloc\/Repository\/RepositoryTests\/Api\/ContactApiTests.swift","hash":"d0a8575f4a19fc4e952094fb02e67365be1e315a"},{"path":"\/Users\/camapblue\/Projects\/Boilerplate\/boilerplate-swiftui-bloc\/Repository\/RepositoryTests\/Api\/MockURLProtocol.swift","hash":"4897b3b3542ce1f80862501ebd8d4af7dc946d2f"},{"path":"\/Users\/camapblue\/Projects\/Boilerplate\/boilerplate-swiftui-bloc\/Repository\/RepositoryTests\/Dao\/ContactDaoTests.swift","hash":"03c7e630b893579bdc0909780ec53701a05bc48b"},{"path":"\/Users\/camapblue\/Projects\/Boilerplate\/boilerplate-swiftui-bloc\/Repository\/RepositoryTests\/Repository\/ContactRepositoryTests.swift","hash":"6a39505cb81d9539d9b85003e935e4c5e3f1ae15"},{"path":"\/Users\/camapblue\/Projects\/Boilerplate\/boilerplate-swiftui-bloc\/Repository\/RepositoryTests\/RepositoryTests.swift","hash":"63555e1f4c7e02ba1804d6cd6a26ef2e8525b3c2"}],"dependencies":[],"name":"RepositoryTests"}