{"projectHash":"338fbadc1bbf60166a4b7fc3693c3b73eacb4cbf","productModuleName":"RepositoryTests","mockedTypeNames":["\/Volumes\/DATA\/Development\/boilerplate-swiftui-bloc\/Repository\/RepositoryTests\/Repository\/ContactRepositoryTests.swift",["ContactDao","ContactApi"],"\/Volumes\/DATA\/Development\/boilerplate-swiftui-bloc\/Repository\/RepositoryTests\/RepositoryTests.swift",[],"\/Volumes\/DATA\/Development\/boilerplate-swiftui-bloc\/Repository\/RepositoryTests\/Dao\/ContactDaoTests.swift",[]],"cliVersion":"0.16.0","configHash":"1403b82028d9321cd36a7126ba8847b406291108","sourceRoot":"\/Volumes\/DATA\/Development\/boilerplate-swiftui-bloc\/Repository","sourceFilePaths":[{"path":"\/Volumes\/DATA\/Development\/boilerplate-swiftui-bloc\/Repository\/MockingbirdMocks\/RepositoryTests-RepositoryMocks.generated.swift","hash":"7e21bed9bdb5172d342b2b65999ebc062de320fa"},{"path":"\/Volumes\/DATA\/Development\/boilerplate-swiftui-bloc\/Repository\/RepositoryTests\/Dao\/ContactDaoTests.swift","hash":"03c7e630b893579bdc0909780ec53701a05bc48b"},{"path":"\/Volumes\/DATA\/Development\/boilerplate-swiftui-bloc\/Repository\/RepositoryTests\/Repository\/ContactRepositoryTests.swift","hash":"f327482eef8d6cb341cdede432d374c89c484cc2"},{"path":"\/Volumes\/DATA\/Development\/boilerplate-swiftui-bloc\/Repository\/RepositoryTests\/RepositoryTests.swift","hash":"63555e1f4c7e02ba1804d6cd6a26ef2e8525b3c2"}],"dependencies":[],"name":"RepositoryTests"}