{"projectHash":"4889516514c4872c03f3cf06efd786ffd55d4954","productModuleName":"RepositoryTests","mockedTypeNames":["\/Users\/camapblue\/Projects\/Boilerplate\/boilerplate-swiftui-bloc\/Repository\/RepositoryTests\/Repository\/ContactRepositoryTests.swift",["ContactDao","ContactApi"],"\/Users\/camapblue\/Projects\/Boilerplate\/boilerplate-swiftui-bloc\/Repository\/RepositoryTests\/Dao\/ContactDaoTests.swift",[],"\/Users\/camapblue\/Projects\/Boilerplate\/boilerplate-swiftui-bloc\/Repository\/RepositoryTests\/RepositoryTests.swift",[]],"cliVersion":"0.18.1","configHash":"00088c3626ba53a165b107fa1a4b8295cb3d931b","sourceRoot":"\/Users\/camapblue\/Projects\/Boilerplate\/boilerplate-swiftui-bloc\/Repository","sourceFilePaths":[{"path":"\/Users\/camapblue\/Projects\/Boilerplate\/boilerplate-swiftui-bloc\/Repository\/MockingbirdMocks\/RepositoryTests-RepositoryMocks.generated.swift","hash":"7e21bed9bdb5172d342b2b65999ebc062de320fa"},{"path":"\/Users\/camapblue\/Projects\/Boilerplate\/boilerplate-swiftui-bloc\/Repository\/RepositoryTests\/Dao\/ContactDaoTests.swift","hash":"03c7e630b893579bdc0909780ec53701a05bc48b"},{"path":"\/Users\/camapblue\/Projects\/Boilerplate\/boilerplate-swiftui-bloc\/Repository\/RepositoryTests\/Repository\/ContactRepositoryTests.swift","hash":"9b8f83fbc1cbe21308c6e32e2d9b3222d49e9ad7"},{"path":"\/Users\/camapblue\/Projects\/Boilerplate\/boilerplate-swiftui-bloc\/Repository\/RepositoryTests\/RepositoryTests.swift","hash":"63555e1f4c7e02ba1804d6cd6a26ef2e8525b3c2"}],"dependencies":[],"name":"RepositoryTests"}