{
  "object": {
    "pins": [
      {
        "package": "POC_Common_UI_iOS",
        "repositoryURL": "https://github.com/tranthienhao/common-ui-ios.git",
        "state": {
          "branch": null,
          "revision": "fa7a066af1519e7f1fcefda348b0f39cb2a07314",
          "version": "1.0.2"
        }
      },
      {
        "package": "Kingfisher",
        "repositoryURL": "https://github.com/onevcat/Kingfisher.git",
        "state": {
          "branch": null,
          "revision": "0c02c46cfdc0656ce74fd0963a75e5000a0b7f23",
          "version": "7.1.2"
        }
      }
    ]
  },
  "version": 1
}
